
Microsoft Visual Studio Solution File, Format Version 12.00
# Visual Studio 15
VisualStudioVersion = 15.0.27703.2035
MinimumVisualStudioVersion = 10.0.40219.1
Project("{FAE04EC0-301F-11D3-BF4B-00C04F79EFBC}") = "GitBranch.Android", "GitBranch\GitBranch.Android\GitBranch.Android.csproj", "{3E5848FB-819C-4B7E-9BC1-70C69310A147}"
EndProject
Project("{FAE04EC0-301F-11D3-BF4B-00C04F79EFBC}") = "GitBranch.iOS", "GitBranch\GitBranch.iOS\GitBranch.iOS.csproj", "{4A971C13-86D7-4A33-B67F-B5213000E7D8}"
EndProject
Project("{FAE04EC0-301F-11D3-BF4B-00C04F79EFBC}") = "GitBranch.UWP", "GitBranch\GitBranch.UWP\GitBranch.UWP.csproj", "{204DF67E-7CDA-4ADB-826B-6CB7785D08DB}"
EndProject
Project("{FAE04EC0-301F-11D3-BF4B-00C04F79EFBC}") = "GitBranch", "GitBranch\GitBranch\GitBranch.csproj", "{22F516C9-350F-44B0-8C38-AC553FC6B42D}"
EndProject
Global
	GlobalSection(SolutionConfigurationPlatforms) = preSolution
		Debug|Any CPU = Debug|Any CPU
		Debug|ARM = Debug|ARM
		Debug|iPhone = Debug|iPhone
		Debug|iPhoneSimulator = Debug|iPhoneSimulator
		Debug|x64 = Debug|x64
		Debug|x86 = Debug|x86
		Release|Any CPU = Release|Any CPU
		Release|ARM = Release|ARM
		Release|iPhone = Release|iPhone
		Release|iPhoneSimulator = Release|iPhoneSimulator
		Release|x64 = Release|x64
		Release|x86 = Release|x86
	EndGlobalSection
	GlobalSection(ProjectConfigurationPlatforms) = postSolution
		{3E5848FB-819C-4B7E-9BC1-70C69310A147}.Debug|Any CPU.ActiveCfg = Debug|Any CPU
		{3E5848FB-819C-4B7E-9BC1-70C69310A147}.Debug|Any CPU.Build.0 = Debug|Any CPU
		{3E5848FB-819C-4B7E-9BC1-70C69310A147}.Debug|Any CPU.Deploy.0 = Debug|Any CPU
		{3E5848FB-819C-4B7E-9BC1-70C69310A147}.Debug|ARM.ActiveCfg = Debug|Any CPU
		{3E5848FB-819C-4B7E-9BC1-70C69310A147}.Debug|ARM.Build.0 = Debug|Any CPU
		{3E5848FB-819C-4B7E-9BC1-70C69310A147}.Debug|ARM.Deploy.0 = Debug|Any CPU
		{3E5848FB-819C-4B7E-9BC1-70C69310A147}.Debug|iPhone.ActiveCfg = Debug|Any CPU
		{3E5848FB-819C-4B7E-9BC1-70C69310A147}.Debug|iPhone.Build.0 = Debug|Any CPU
		{3E5848FB-819C-4B7E-9BC1-70C69310A147}.Debug|iPhone.Deploy.0 = Debug|Any CPU
		{3E5848FB-819C-4B7E-9BC1-70C69310A147}.Debug|iPhoneSimulator.ActiveCfg = Debug|Any CPU
		{3E5848FB-819C-4B7E-9BC1-70C69310A147}.Debug|iPhoneSimulator.Build.0 = Debug|Any CPU
		{3E5848FB-819C-4B7E-9BC1-70C69310A147}.Debug|iPhoneSimulator.Deploy.0 = Debug|Any CPU
		{3E5848FB-819C-4B7E-9BC1-70C69310A147}.Debug|x64.ActiveCfg = Debug|Any CPU
		{3E5848FB-819C-4B7E-9BC1-70C69310A147}.Debug|x64.Build.0 = Debug|Any CPU
		{3E5848FB-819C-4B7E-9BC1-70C69310A147}.Debug|x64.Deploy.0 = Debug|Any CPU
		{3E5848FB-819C-4B7E-9BC1-70C69310A147}.Debug|x86.ActiveCfg = Debug|Any CPU
		{3E5848FB-819C-4B7E-9BC1-70C69310A147}.Debug|x86.Build.0 = Debug|Any CPU
		{3E5848FB-819C-4B7E-9BC1-70C69310A147}.Debug|x86.Deploy.0 = Debug|Any CPU
		{3E5848FB-819C-4B7E-9BC1-70C69310A147}.Release|Any CPU.ActiveCfg = Release|Any CPU
		{3E5848FB-819C-4B7E-9BC1-70C69310A147}.Release|Any CPU.Build.0 = Release|Any CPU
		{3E5848FB-819C-4B7E-9BC1-70C69310A147}.Release|Any CPU.Deploy.0 = Release|Any CPU
		{3E5848FB-819C-4B7E-9BC1-70C69310A147}.Release|ARM.ActiveCfg = Release|Any CPU
		{3E5848FB-819C-4B7E-9BC1-70C69310A147}.Release|ARM.Build.0 = Release|Any CPU
		{3E5848FB-819C-4B7E-9BC1-70C69310A147}.Release|ARM.Deploy.0 = Release|Any CPU
		{3E5848FB-819C-4B7E-9BC1-70C69310A147}.Release|iPhone.ActiveCfg = Release|Any CPU
		{3E5848FB-819C-4B7E-9BC1-70C69310A147}.Release|iPhone.Build.0 = Release|Any CPU
		{3E5848FB-819C-4B7E-9BC1-70C69310A147}.Release|iPhone.Deploy.0 = Release|Any CPU
		{3E5848FB-819C-4B7E-9BC1-70C69310A147}.Release|iPhoneSimulator.ActiveCfg = Release|Any CPU
		{3E5848FB-819C-4B7E-9BC1-70C69310A147}.Release|iPhoneSimulator.Build.0 = Release|Any CPU
		{3E5848FB-819C-4B7E-9BC1-70C69310A147}.Release|iPhoneSimulator.Deploy.0 = Release|Any CPU
		{3E5848FB-819C-4B7E-9BC1-70C69310A147}.Release|x64.ActiveCfg = Release|Any CPU
		{3E5848FB-819C-4B7E-9BC1-70C69310A147}.Release|x64.Build.0 = Release|Any CPU
		{3E5848FB-819C-4B7E-9BC1-70C69310A147}.Release|x64.Deploy.0 = Release|Any CPU
		{3E5848FB-819C-4B7E-9BC1-70C69310A147}.Release|x86.ActiveCfg = Release|Any CPU
		{3E5848FB-819C-4B7E-9BC1-70C69310A147}.Release|x86.Build.0 = Release|Any CPU
		{3E5848FB-819C-4B7E-9BC1-70C69310A147}.Release|x86.Deploy.0 = Release|Any CPU
		{4A971C13-86D7-4A33-B67F-B5213000E7D8}.Debug|Any CPU.ActiveCfg = Debug|iPhoneSimulator
		{4A971C13-86D7-4A33-B67F-B5213000E7D8}.Debug|Any CPU.Build.0 = Debug|iPhoneSimulator
		{4A971C13-86D7-4A33-B67F-B5213000E7D8}.Debug|Any CPU.Deploy.0 = Debug|iPhoneSimulator
		{4A971C13-86D7-4A33-B67F-B5213000E7D8}.Debug|ARM.ActiveCfg = Debug|iPhone
		{4A971C13-86D7-4A33-B67F-B5213000E7D8}.Debug|ARM.Build.0 = Debug|iPhone
		{4A971C13-86D7-4A33-B67F-B5213000E7D8}.Debug|ARM.Deploy.0 = Debug|iPhone
		{4A971C13-86D7-4A33-B67F-B5213000E7D8}.Debug|iPhone.ActiveCfg = Debug|iPhone
		{4A971C13-86D7-4A33-B67F-B5213000E7D8}.Debug|iPhone.Build.0 = Debug|iPhone
		{4A971C13-86D7-4A33-B67F-B5213000E7D8}.Debug|iPhone.Deploy.0 = Debug|iPhone
		{4A971C13-86D7-4A33-B67F-B5213000E7D8}.Debug|iPhoneSimulator.ActiveCfg = Debug|iPhoneSimulator
		{4A971C13-86D7-4A33-B67F-B5213000E7D8}.Debug|iPhoneSimulator.Build.0 = Debug|iPhoneSimulator
		{4A971C13-86D7-4A33-B67F-B5213000E7D8}.Debug|iPhoneSimulator.Deploy.0 = Debug|iPhoneSimulator
		{4A971C13-86D7-4A33-B67F-B5213000E7D8}.Debug|x64.ActiveCfg = Debug|iPhone
		{4A971C13-86D7-4A33-B67F-B5213000E7D8}.Debug|x64.Build.0 = Debug|iPhone
		{4A971C13-86D7-4A33-B67F-B5213000E7D8}.Debug|x64.Deploy.0 = Debug|iPhone
		{4A971C13-86D7-4A33-B67F-B5213000E7D8}.Debug|x86.ActiveCfg = Debug|iPhone
		{4A971C13-86D7-4A33-B67F-B5213000E7D8}.Debug|x86.Build.0 = Debug|iPhone
		{4A971C13-86D7-4A33-B67F-B5213000E7D8}.Debug|x86.Deploy.0 = Debug|iPhone
		{4A971C13-86D7-4A33-B67F-B5213000E7D8}.Release|Any CPU.ActiveCfg = Release|iPhone
		{4A971C13-86D7-4A33-B67F-B5213000E7D8}.Release|Any CPU.Build.0 = Release|iPhone
		{4A971C13-86D7-4A33-B67F-B5213000E7D8}.Release|Any CPU.Deploy.0 = Release|iPhone
		{4A971C13-86D7-4A33-B67F-B5213000E7D8}.Release|ARM.ActiveCfg = Release|iPhone
		{4A971C13-86D7-4A33-B67F-B5213000E7D8}.Release|ARM.Build.0 = Release|iPhone
		{4A971C13-86D7-4A33-B67F-B5213000E7D8}.Release|ARM.Deploy.0 = Release|iPhone
		{4A971C13-86D7-4A33-B67F-B5213000E7D8}.Release|iPhone.ActiveCfg = Release|iPhone
		{4A971C13-86D7-4A33-B67F-B5213000E7D8}.Release|iPhone.Build.0 = Release|iPhone
		{4A971C13-86D7-4A33-B67F-B5213000E7D8}.Release|iPhone.Deploy.0 = Release|iPhone
		{4A971C13-86D7-4A33-B67F-B5213000E7D8}.Release|iPhoneSimulator.ActiveCfg = Release|iPhoneSimulator
		{4A971C13-86D7-4A33-B67F-B5213000E7D8}.Release|iPhoneSimulator.Build.0 = Release|iPhoneSimulator
		{4A971C13-86D7-4A33-B67F-B5213000E7D8}.Release|iPhoneSimulator.Deploy.0 = Release|iPhoneSimulator
		{4A971C13-86D7-4A33-B67F-B5213000E7D8}.Release|x64.ActiveCfg = Release|iPhone
		{4A971C13-86D7-4A33-B67F-B5213000E7D8}.Release|x64.Build.0 = Release|iPhone
		{4A971C13-86D7-4A33-B67F-B5213000E7D8}.Release|x64.Deploy.0 = Release|iPhone
		{4A971C13-86D7-4A33-B67F-B5213000E7D8}.Release|x86.ActiveCfg = Release|iPhone
		{4A971C13-86D7-4A33-B67F-B5213000E7D8}.Release|x86.Build.0 = Release|iPhone
		{4A971C13-86D7-4A33-B67F-B5213000E7D8}.Release|x86.Deploy.0 = Release|iPhone
		{204DF67E-7CDA-4ADB-826B-6CB7785D08DB}.Debug|Any CPU.ActiveCfg = Debug|x86
		{204DF67E-7CDA-4ADB-826B-6CB7785D08DB}.Debug|Any CPU.Build.0 = Debug|x86
		{204DF67E-7CDA-4ADB-826B-6CB7785D08DB}.Debug|Any CPU.Deploy.0 = Debug|x86
		{204DF67E-7CDA-4ADB-826B-6CB7785D08DB}.Debug|ARM.ActiveCfg = Debug|ARM
		{204DF67E-7CDA-4ADB-826B-6CB7785D08DB}.Debug|ARM.Build.0 = Debug|ARM
		{204DF67E-7CDA-4ADB-826B-6CB7785D08DB}.Debug|ARM.Deploy.0 = Debug|ARM
		{204DF67E-7CDA-4ADB-826B-6CB7785D08DB}.Debug|iPhone.ActiveCfg = Debug|x86
		{204DF67E-7CDA-4ADB-826B-6CB7785D08DB}.Debug|iPhone.Build.0 = Debug|x86
		{204DF67E-7CDA-4ADB-826B-6CB7785D08DB}.Debug|iPhone.Deploy.0 = Debug|x86
		{204DF67E-7CDA-4ADB-826B-6CB7785D08DB}.Debug|iPhoneSimulator.ActiveCfg = Debug|x86
		{204DF67E-7CDA-4ADB-826B-6CB7785D08DB}.Debug|iPhoneSimulator.Build.0 = Debug|x86
		{204DF67E-7CDA-4ADB-826B-6CB7785D08DB}.Debug|iPhoneSimulator.Deploy.0 = Debug|x86
		{204DF67E-7CDA-4ADB-826B-6CB7785D08DB}.Debug|x64.ActiveCfg = Debug|x64
		{204DF67E-7CDA-4ADB-826B-6CB7785D08DB}.Debug|x64.Build.0 = Debug|x64
		{204DF67E-7CDA-4ADB-826B-6CB7785D08DB}.Debug|x64.Deploy.0 = Debug|x64
		{204DF67E-7CDA-4ADB-826B-6CB7785D08DB}.Debug|x86.ActiveCfg = Debug|x86
		{204DF67E-7CDA-4ADB-826B-6CB7785D08DB}.Debug|x86.Build.0 = Debug|x86
		{204DF67E-7CDA-4ADB-826B-6CB7785D08DB}.Debug|x86.Deploy.0 = Debug|x86
		{204DF67E-7CDA-4ADB-826B-6CB7785D08DB}.Release|Any CPU.ActiveCfg = Release|x86
		{204DF67E-7CDA-4ADB-826B-6CB7785D08DB}.Release|Any CPU.Build.0 = Release|x86
		{204DF67E-7CDA-4ADB-826B-6CB7785D08DB}.Release|Any CPU.Deploy.0 = Release|x86
		{204DF67E-7CDA-4ADB-826B-6CB7785D08DB}.Release|ARM.ActiveCfg = Release|ARM
		{204DF67E-7CDA-4ADB-826B-6CB7785D08DB}.Release|ARM.Build.0 = Release|ARM
		{204DF67E-7CDA-4ADB-826B-6CB7785D08DB}.Release|ARM.Deploy.0 = Release|ARM
		{204DF67E-7CDA-4ADB-826B-6CB7785D08DB}.Release|iPhone.ActiveCfg = Release|x86
		{204DF67E-7CDA-4ADB-826B-6CB7785D08DB}.Release|iPhone.Build.0 = Release|x86
		{204DF67E-7CDA-4ADB-826B-6CB7785D08DB}.Release|iPhone.Deploy.0 = Release|x86
		{204DF67E-7CDA-4ADB-826B-6CB7785D08DB}.Release|iPhoneSimulator.ActiveCfg = Release|x86
		{204DF67E-7CDA-4ADB-826B-6CB7785D08DB}.Release|iPhoneSimulator.Build.0 = Release|x86
		{204DF67E-7CDA-4ADB-826B-6CB7785D08DB}.Release|iPhoneSimulator.Deploy.0 = Release|x86
		{204DF67E-7CDA-4ADB-826B-6CB7785D08DB}.Release|x64.ActiveCfg = Release|x64
		{204DF67E-7CDA-4ADB-826B-6CB7785D08DB}.Release|x64.Build.0 = Release|x64
		{204DF67E-7CDA-4ADB-826B-6CB7785D08DB}.Release|x64.Deploy.0 = Release|x64
		{204DF67E-7CDA-4ADB-826B-6CB7785D08DB}.Release|x86.ActiveCfg = Release|x86
		{204DF67E-7CDA-4ADB-826B-6CB7785D08DB}.Release|x86.Build.0 = Release|x86
		{204DF67E-7CDA-4ADB-826B-6CB7785D08DB}.Release|x86.Deploy.0 = Release|x86
		{22F516C9-350F-44B0-8C38-AC553FC6B42D}.Debug|Any CPU.ActiveCfg = Debug|Any CPU
		{22F516C9-350F-44B0-8C38-AC553FC6B42D}.Debug|Any CPU.Build.0 = Debug|Any CPU
		{22F516C9-350F-44B0-8C38-AC553FC6B42D}.Debug|Any CPU.Deploy.0 = Debug|Any CPU
		{22F516C9-350F-44B0-8C38-AC553FC6B42D}.Debug|ARM.ActiveCfg = Debug|Any CPU
		{22F516C9-350F-44B0-8C38-AC553FC6B42D}.Debug|ARM.Build.0 = Debug|Any CPU
		{22F516C9-350F-44B0-8C38-AC553FC6B42D}.Debug|ARM.Deploy.0 = Debug|Any CPU
		{22F516C9-350F-44B0-8C38-AC553FC6B42D}.Debug|iPhone.ActiveCfg = Debug|Any CPU
		{22F516C9-350F-44B0-8C38-AC553FC6B42D}.Debug|iPhone.Build.0 = Debug|Any CPU
		{22F516C9-350F-44B0-8C38-AC553FC6B42D}.Debug|iPhone.Deploy.0 = Debug|Any CPU
		{22F516C9-350F-44B0-8C38-AC553FC6B42D}.Debug|iPhoneSimulator.ActiveCfg = Debug|Any CPU
		{22F516C9-350F-44B0-8C38-AC553FC6B42D}.Debug|iPhoneSimulator.Build.0 = Debug|Any CPU
		{22F516C9-350F-44B0-8C38-AC553FC6B42D}.Debug|iPhoneSimulator.Deploy.0 = Debug|Any CPU
		{22F516C9-350F-44B0-8C38-AC553FC6B42D}.Debug|x64.ActiveCfg = Debug|Any CPU
		{22F516C9-350F-44B0-8C38-AC553FC6B42D}.Debug|x64.Build.0 = Debug|Any CPU
		{22F516C9-350F-44B0-8C38-AC553FC6B42D}.Debug|x64.Deploy.0 = Debug|Any CPU
		{22F516C9-350F-44B0-8C38-AC553FC6B42D}.Debug|x86.ActiveCfg = Debug|Any CPU
		{22F516C9-350F-44B0-8C38-AC553FC6B42D}.Debug|x86.Build.0 = Debug|Any CPU
		{22F516C9-350F-44B0-8C38-AC553FC6B42D}.Debug|x86.Deploy.0 = Debug|Any CPU
		{22F516C9-350F-44B0-8C38-AC553FC6B42D}.Release|Any CPU.ActiveCfg = Release|Any CPU
		{22F516C9-350F-44B0-8C38-AC553FC6B42D}.Release|Any CPU.Build.0 = Release|Any CPU
		{22F516C9-350F-44B0-8C38-AC553FC6B42D}.Release|Any CPU.Deploy.0 = Release|Any CPU
		{22F516C9-350F-44B0-8C38-AC553FC6B42D}.Release|ARM.ActiveCfg = Release|Any CPU
		{22F516C9-350F-44B0-8C38-AC553FC6B42D}.Release|ARM.Build.0 = Release|Any CPU
		{22F516C9-350F-44B0-8C38-AC553FC6B42D}.Release|ARM.Deploy.0 = Release|Any CPU
		{22F516C9-350F-44B0-8C38-AC553FC6B42D}.Release|iPhone.ActiveCfg = Release|Any CPU
		{22F516C9-350F-44B0-8C38-AC553FC6B42D}.Release|iPhone.Build.0 = Release|Any CPU
		{22F516C9-350F-44B0-8C38-AC553FC6B42D}.Release|iPhone.Deploy.0 = Release|Any CPU
		{22F516C9-350F-44B0-8C38-AC553FC6B42D}.Release|iPhoneSimulator.ActiveCfg = Release|Any CPU
		{22F516C9-350F-44B0-8C38-AC553FC6B42D}.Release|iPhoneSimulator.Build.0 = Release|Any CPU
		{22F516C9-350F-44B0-8C38-AC553FC6B42D}.Release|iPhoneSimulator.Deploy.0 = Release|Any CPU
		{22F516C9-350F-44B0-8C38-AC553FC6B42D}.Release|x64.ActiveCfg = Release|Any CPU
		{22F516C9-350F-44B0-8C38-AC553FC6B42D}.Release|x64.Build.0 = Release|Any CPU
		{22F516C9-350F-44B0-8C38-AC553FC6B42D}.Release|x64.Deploy.0 = Release|Any CPU
		{22F516C9-350F-44B0-8C38-AC553FC6B42D}.Release|x86.ActiveCfg = Release|Any CPU
		{22F516C9-350F-44B0-8C38-AC553FC6B42D}.Release|x86.Build.0 = Release|Any CPU
		{22F516C9-350F-44B0-8C38-AC553FC6B42D}.Release|x86.Deploy.0 = Release|Any CPU
	EndGlobalSection
	GlobalSection(SolutionProperties) = preSolution
		HideSolutionNode = FALSE
	EndGlobalSection
	GlobalSection(ExtensibilityGlobals) = postSolution
		SolutionGuid = {D25D4F4D-B27A-41AA-AF5B-30B4561BFA2A}
	EndGlobalSection
EndGlobal
